
Microsoft Visual Studio Solution File, Format Version 12.00
# Visual Studio 2012
Project("{FAE04EC0-301F-11D3-BF4B-00C04F79EFBC}") = "hello word !!", "hello word !!\hello word !!.csproj", "{AB95A368-0422-40A2-BD46-1A107F6E73FF}"
EndProject
Global
	GlobalSection(SolutionConfigurationPlatforms) = preSolution
		Debug|Any CPU = Debug|Any CPU
		Release|Any CPU = Release|Any CPU
	EndGlobalSection
	GlobalSection(ProjectConfigurationPlatforms) = postSolution
		{AB95A368-0422-40A2-BD46-1A107F6E73FF}.Debug|Any CPU.ActiveCfg = Debug|Any CPU
		{AB95A368-0422-40A2-BD46-1A107F6E73FF}.Debug|Any CPU.Build.0 = Debug|Any CPU
		{AB95A368-0422-40A2-BD46-1A107F6E73FF}.Release|Any CPU.ActiveCfg = Release|Any CPU
		{AB95A368-0422-40A2-BD46-1A107F6E73FF}.Release|Any CPU.Build.0 = Release|Any CPU
	EndGlobalSection
	GlobalSection(SolutionProperties) = preSolution
		HideSolutionNode = FALSE
	EndGlobalSection
EndGlobal
